
Microsoft Visual Studio Solution File, Format Version 12.00
# Visual Studio Version 17
VisualStudioVersion = 17.9.34723.18
MinimumVisualStudioVersion = 10.0.40219.1
Project("{888888A0-9F3D-457C-B088-3A5042F75D52}") = "P_TimKiTuHoaLonNhat", "P_TimKiTuHoaLonNhat.pyproj", "{05A0FF4A-1499-445B-AB08-03CE2A57A4B4}"
EndProject
Global
	GlobalSection(SolutionConfigurationPlatforms) = preSolution
		Debug|Any CPU = Debug|Any CPU
		Release|Any CPU = Release|Any CPU
	EndGlobalSection
	GlobalSection(ProjectConfigurationPlatforms) = postSolution
		{05A0FF4A-1499-445B-AB08-03CE2A57A4B4}.Debug|Any CPU.ActiveCfg = Debug|Any CPU
		{05A0FF4A-1499-445B-AB08-03CE2A57A4B4}.Release|Any CPU.ActiveCfg = Release|Any CPU
	EndGlobalSection
	GlobalSection(SolutionProperties) = preSolution
		HideSolutionNode = FALSE
	EndGlobalSection
	GlobalSection(ExtensibilityGlobals) = postSolution
		SolutionGuid = {95158DE9-74E5-4EB1-B559-C964A23240EA}
	EndGlobalSection
EndGlobal
